
Microsoft Visual Studio Solution File, Format Version 12.00
# Visual Studio 15
Project("{FAE04EC0-301F-11D3-BF4B-00C04F79EFBC}") = "Assembly-CSharp", "Assembly-CSharp.csproj", "{EB412E82-12B7-1852-E7A5-5F3A31FE6E05}"
EndProject
Project("{FAE04EC0-301F-11D3-BF4B-00C04F79EFBC}") = "Assembly-CSharp-Editor", "Assembly-CSharp-Editor.csproj", "{9662C506-6370-733D-AEE3-3B5275D0542B}"
EndProject
Project("{FAE04EC0-301F-11D3-BF4B-00C04F79EFBC}") = "Assembly-CSharp", "Assembly-CSharp.Player.csproj", "{CFDEF12C-A688-F110-BA0D-366B9B982005}"
EndProject
Global
	GlobalSection(SolutionConfigurationPlatforms) = preSolution
		Debug|Any CPU = Debug|Any CPU
		Release|Any CPU = Release|Any CPU
	EndGlobalSection
	GlobalSection(ProjectConfigurationPlatforms) = postSolution
		{EB412E82-12B7-1852-E7A5-5F3A31FE6E05}.Debug|Any CPU.ActiveCfg = Debug|Any CPU
		{EB412E82-12B7-1852-E7A5-5F3A31FE6E05}.Debug|Any CPU.Build.0 = Debug|Any CPU
		{EB412E82-12B7-1852-E7A5-5F3A31FE6E05}.Release|Any CPU.ActiveCfg = Release|Any CPU
		{EB412E82-12B7-1852-E7A5-5F3A31FE6E05}.Release|Any CPU.Build.0 = Release|Any CPU
		{9662C506-6370-733D-AEE3-3B5275D0542B}.Debug|Any CPU.ActiveCfg = Debug|Any CPU
		{9662C506-6370-733D-AEE3-3B5275D0542B}.Debug|Any CPU.Build.0 = Debug|Any CPU
		{9662C506-6370-733D-AEE3-3B5275D0542B}.Release|Any CPU.ActiveCfg = Release|Any CPU
		{9662C506-6370-733D-AEE3-3B5275D0542B}.Release|Any CPU.Build.0 = Release|Any CPU
		{CFDEF12C-A688-F110-BA0D-366B9B982005}.Debug|Any CPU.ActiveCfg = Debug|Any CPU
		{CFDEF12C-A688-F110-BA0D-366B9B982005}.Debug|Any CPU.Build.0 = Debug|Any CPU
		{CFDEF12C-A688-F110-BA0D-366B9B982005}.Release|Any CPU.ActiveCfg = Release|Any CPU
		{CFDEF12C-A688-F110-BA0D-366B9B982005}.Release|Any CPU.Build.0 = Release|Any CPU
	EndGlobalSection
	GlobalSection(SolutionProperties) = preSolution
		HideSolutionNode = FALSE
	EndGlobalSection
EndGlobal
